
Microsoft Visual Studio Solution File, Format Version 12.00
# Visual Studio Version 17
VisualStudioVersion = 17.9.34728.123
MinimumVisualStudioVersion = 10.0.40219.1
Project("{FAE04EC0-301F-11D3-BF4B-00C04F79EFBC}") = "RegistroTecnicos", "RegistroTecnicos\RegistroTecnicos.csproj", "{0FD0B31A-524A-4C44-A8CF-9899296C259F}"
EndProject
Global
	GlobalSection(SolutionConfigurationPlatforms) = preSolution
		Debug|Any CPU = Debug|Any CPU
		Release|Any CPU = Release|Any CPU
	EndGlobalSection
	GlobalSection(ProjectConfigurationPlatforms) = postSolution
		{0FD0B31A-524A-4C44-A8CF-9899296C259F}.Debug|Any CPU.ActiveCfg = Debug|Any CPU
		{0FD0B31A-524A-4C44-A8CF-9899296C259F}.Debug|Any CPU.Build.0 = Debug|Any CPU
		{0FD0B31A-524A-4C44-A8CF-9899296C259F}.Release|Any CPU.ActiveCfg = Release|Any CPU
		{0FD0B31A-524A-4C44-A8CF-9899296C259F}.Release|Any CPU.Build.0 = Release|Any CPU
	EndGlobalSection
	GlobalSection(SolutionProperties) = preSolution
		HideSolutionNode = FALSE
	EndGlobalSection
	GlobalSection(ExtensibilityGlobals) = postSolution
		SolutionGuid = {05C04772-30BA-43AE-8788-F5BFE0996609}
	EndGlobalSection
EndGlobal
